
Microsoft Visual Studio Solution File, Format Version 12.00
# Visual Studio 15
VisualStudioVersion = 15.0.28307.1972
MinimumVisualStudioVersion = 10.0.40219.1
Project("{F14B399A-7131-4C87-9E4B-1186C45EF12D}") = "SSRS-PrefabWebReports", "SSRS-PrefabWebReports\SSRS-PrefabWebReports.rptproj", "{2873D30A-99E9-4D25-8D68-3D08411C9C4B}"
EndProject
Global
	GlobalSection(SolutionConfigurationPlatforms) = preSolution
		Debug|Default = Debug|Default
		DebugLocal|Default = DebugLocal|Default
		Release|Default = Release|Default
	EndGlobalSection
	GlobalSection(ProjectConfigurationPlatforms) = postSolution
		{2873D30A-99E9-4D25-8D68-3D08411C9C4B}.Debug|Default.ActiveCfg = Debug
		{2873D30A-99E9-4D25-8D68-3D08411C9C4B}.Debug|Default.Build.0 = Debug
		{2873D30A-99E9-4D25-8D68-3D08411C9C4B}.Debug|Default.Deploy.0 = Debug
		{2873D30A-99E9-4D25-8D68-3D08411C9C4B}.DebugLocal|Default.ActiveCfg = DebugLocal
		{2873D30A-99E9-4D25-8D68-3D08411C9C4B}.DebugLocal|Default.Build.0 = DebugLocal
		{2873D30A-99E9-4D25-8D68-3D08411C9C4B}.Release|Default.ActiveCfg = Release
		{2873D30A-99E9-4D25-8D68-3D08411C9C4B}.Release|Default.Build.0 = Release
		{2873D30A-99E9-4D25-8D68-3D08411C9C4B}.Release|Default.Deploy.0 = Release
	EndGlobalSection
	GlobalSection(SolutionProperties) = preSolution
		HideSolutionNode = FALSE
	EndGlobalSection
	GlobalSection(ExtensibilityGlobals) = postSolution
		SolutionGuid = {3A4CBCDC-1230-4E71-BEB9-7BDFDC94D2E0}
	EndGlobalSection
EndGlobal
